
Microsoft Visual Studio Solution File, Format Version 12.00
# Visual Studio 15
VisualStudioVersion = 15.0.27428.2015
MinimumVisualStudioVersion = 10.0.40219.1
Project("{FAE04EC0-301F-11D3-BF4B-00C04F79EFBC}") = "Dreambuild.Common", "Dreambuild.Common\Dreambuild.Common.csproj", "{ECF25C78-700A-4164-AA2A-8E408DA5C7E3}"
EndProject
Global
	GlobalSection(SolutionConfigurationPlatforms) = preSolution
		Debug|Any CPU = Debug|Any CPU
		Release|Any CPU = Release|Any CPU
	EndGlobalSection
	GlobalSection(ProjectConfigurationPlatforms) = postSolution
		{ECF25C78-700A-4164-AA2A-8E408DA5C7E3}.Debug|Any CPU.ActiveCfg = Debug|Any CPU
		{ECF25C78-700A-4164-AA2A-8E408DA5C7E3}.Debug|Any CPU.Build.0 = Debug|Any CPU
		{ECF25C78-700A-4164-AA2A-8E408DA5C7E3}.Release|Any CPU.ActiveCfg = Release|Any CPU
		{ECF25C78-700A-4164-AA2A-8E408DA5C7E3}.Release|Any CPU.Build.0 = Release|Any CPU
	EndGlobalSection
	GlobalSection(SolutionProperties) = preSolution
		HideSolutionNode = FALSE
	EndGlobalSection
	GlobalSection(ExtensibilityGlobals) = postSolution
		SolutionGuid = {283B0D1F-DD41-4629-B63A-664797B820C4}
	EndGlobalSection
EndGlobal
