// !$*UTF8*$!
{
	archiveVersion = 1;
	classes = {
	};
	objectVersion = 77;
	objects = {

/* Begin PBXContainerItemProxy section */
		D3F4E8932D546E28002A430C /* PBXContainerItemProxy */ = {
			isa = PBXContainerItemProxy;
			containerPortal = D3F4E87A2D546E26002A430C /* Project object */;
			proxyType = 1;
			remoteGlobalIDString = D3F4E8812D546E26002A430C;
			remoteInfo = ClockLearner;
		};
		D3F4E89D2D546E28002A430C /* PBXContainerItemProxy */ = {
			isa = PBXContainerItemProxy;
			containerPortal = D3F4E87A2D546E26002A430C /* Project object */;
			proxyType = 1;
			remoteGlobalIDString = D3F4E8812D546E26002A430C;
			remoteInfo = ClockLearner;
		};
/* End PBXContainerItemProxy section */

/* Begin PBXFileReference section */
		D3F4E8822D546E26002A430C /* ClockLearner.app */ = {isa = PBXFileReference; explicitFileType = wrapper.application; includeInIndex = 0; path = ClockLearner.app; sourceTree = BUILT_PRODUCTS_DIR; };
		D3F4E8922D546E28002A430C /* ClockLearnerTests.xctest */ = {isa = PBXFileReference; explicitFileType = wrapper.cfbundle; includeInIndex = 0; path = ClockLearnerTests.xctest; sourceTree = BUILT_PRODUCTS_DIR; };
		D3F4E89C2D546E28002A430C /* ClockLearnerUITests.xctest */ = {isa = PBXFileReference; explicitFileType = wrapper.cfbundle; includeInIndex = 0; path = ClockLearnerUITests.xctest; sourceTree = BUILT_PRODUCTS_DIR; };
/* End PBXFileReference section */

/* Begin PBXFileSystemSynchronizedRootGroup section */
		D3F4E8842D546E26002A430C /* ClockLearner */ = {
			isa = PBXFileSystemSynchronizedRootGroup;
			path = ClockLearner;
			sourceTree = "<group>";
		};
		D3F4E8952D546E28002A430C /* ClockLearnerTests */ = {
			isa = PBXFileSystemSynchronizedRootGroup;
			path = ClockLearnerTests;
			sourceTree = "<group>";
		};
		D3F4E89F2D546E28002A430C /* ClockLearnerUITests */ = {
			isa = PBXFileSystemSynchronizedRootGroup;
			path = ClockLearnerUITests;
			sourceTree = "<group>";
		};
/* End PBXFileSystemSynchronizedRootGroup section */

/* Begin PBXFrameworksBuildPhase section */
		D3F4E87F2D546E26002A430C /* Frameworks */ = {
			isa = PBXFrameworksBuildPhase;
			buildActionMask = 2147483647;
			files = (
			);
			runOnlyForDeploymentPostprocessing = 0;
		};
		D3F4E88F2D546E28002A430C /* Frameworks */ = {
			isa = PBXFrameworksBuildPhase;
			buildActionMask = 2147483647;
			files = (
			);
			runOnlyForDeploymentPostprocessing = 0;
		};
		D3F4E8992D546E28002A430C /* Frameworks */ = {
			isa = PBXFrameworksBuildPhase;
			buildActionMask = 2147483647;
			files = (
			);
			runOnlyForDeploymentPostprocessing = 0;
		};
/* End PBXFrameworksBuildPhase section */

/* Begin PBXGroup section */
		D3F4E8792D546E26002A430C = {
			isa = PBXGroup;
			children = (
				D3F4E8842D546E26002A430C /* ClockLearner */,
				D3F4E8952D546E28002A430C /* ClockLearnerTests */,
				D3F4E89F2D546E28002A430C /* ClockLearnerUITests */,
				D3F4E8832D546E26002A430C /* Products */,
			);
			sourceTree = "<group>";
		};
		D3F4E8832D546E26002A430C /* Products */ = {
			isa = PBXGroup;
			children = (
				D3F4E8822D546E26002A430C /* ClockLearner.app */,
				D3F4E8922D546E28002A430C /* ClockLearnerTests.xctest */,
				D3F4E89C2D546E28002A430C /* ClockLearnerUITests.xctest */,
			);
			name = Products;
			sourceTree = "<group>";
		};
/* End PBXGroup section */

/* Begin PBXNativeTarget section */
		D3F4E8812D546E26002A430C /* ClockLearner */ = {
			isa = PBXNativeTarget;
			buildConfigurationList = D3F4E8A62D546E28002A430C /* Build configuration list for PBXNativeTarget "ClockLearner" */;
			buildPhases = (
				D3F4E87E2D546E26002A430C /* Sources */,
				D3F4E87F2D546E26002A430C /* Frameworks */,
				D3F4E8802D546E26002A430C /* Resources */,
			);
			buildRules = (
			);
			dependencies = (
			);
			fileSystemSynchronizedGroups = (
				D3F4E8842D546E26002A430C /* ClockLearner */,
			);
			name = ClockLearner;
			packageProductDependencies = (
			);
			productName = ClockLearner;
			productReference = D3F4E8822D546E26002A430C /* ClockLearner.app */;
			productType = "com.apple.product-type.application";
		};
		D3F4E8912D546E28002A430C /* ClockLearnerTests */ = {
			isa = PBXNativeTarget;
			buildConfigurationList = D3F4E8A92D546E28002A430C /* Build configuration list for PBXNativeTarget "ClockLearnerTests" */;
			buildPhases = (
				D3F4E88E2D546E28002A430C /* Sources */,
				D3F4E88F2D546E28002A430C /* Frameworks */,
				D3F4E8902D546E28002A430C /* Resources */,
			);
			buildRules = (
			);
			dependencies = (
				D3F4E8942D546E28002A430C /* PBXTargetDependency */,
			);
			fileSystemSynchronizedGroups = (
				D3F4E8952D546E28002A430C /* ClockLearnerTests */,
			);
			name = ClockLearnerTests;
			packageProductDependencies = (
			);
			productName = ClockLearnerTests;
			productReference = D3F4E8922D546E28002A430C /* ClockLearnerTests.xctest */;
			productType = "com.apple.product-type.bundle.unit-test";
		};
		D3F4E89B2D546E28002A430C /* ClockLearnerUITests */ = {
			isa = PBXNativeTarget;
			buildConfigurationList = D3F4E8AC2D546E28002A430C /* Build configuration list for PBXNativeTarget "ClockLearnerUITests" */;
			buildPhases = (
				D3F4E8982D546E28002A430C /* Sources */,
				D3F4E8992D546E28002A430C /* Frameworks */,
				D3F4E89A2D546E28002A430C /* Resources */,
			);
			buildRules = (
			);
			dependencies = (
				D3F4E89E2D546E28002A430C /* PBXTargetDependency */,
			);
			fileSystemSynchronizedGroups = (
				D3F4E89F2D546E28002A430C /* ClockLearnerUITests */,
			);
			name = ClockLearnerUITests;
			packageProductDependencies = (
			);
			productName = ClockLearnerUITests;
			productReference = D3F4E89C2D546E28002A430C /* ClockLearnerUITests.xctest */;
			productType = "com.apple.product-type.bundle.ui-testing";
		};
/* End PBXNativeTarget section */

/* Begin PBXProject section */
		D3F4E87A2D546E26002A430C /* Project object */ = {
			isa = PBXProject;
			attributes = {
				BuildIndependentTargetsInParallel = 1;
				LastSwiftUpdateCheck = 1620;
				LastUpgradeCheck = 1620;
				TargetAttributes = {
					D3F4E8812D546E26002A430C = {
						CreatedOnToolsVersion = 16.2;
					};
					D3F4E8912D546E28002A430C = {
						CreatedOnToolsVersion = 16.2;
						TestTargetID = D3F4E8812D546E26002A430C;
					};
					D3F4E89B2D546E28002A430C = {
						CreatedOnToolsVersion = 16.2;
						TestTargetID = D3F4E8812D546E26002A430C;
					};
				};
			};
			buildConfigurationList = D3F4E87D2D546E26002A430C /* Build configuration list for PBXProject "ClockLearner" */;
			developmentRegion = en;
			hasScannedForEncodings = 0;
			knownRegions = (
				en,
				Base,
			);
			mainGroup = D3F4E8792D546E26002A430C;
			minimizedProjectReferenceProxies = 1;
			preferredProjectObjectVersion = 77;
			productRefGroup = D3F4E8832D546E26002A430C /* Products */;
			projectDirPath = "";
			projectRoot = "";
			targets = (
				D3F4E8812D546E26002A430C /* ClockLearner */,
				D3F4E8912D546E28002A430C /* ClockLearnerTests */,
				D3F4E89B2D546E28002A430C /* ClockLearnerUITests */,
			);
		};
/* End PBXProject section */

/* Begin PBXResourcesBuildPhase section */
		D3F4E8802D546E26002A430C /* Resources */ = {
			isa = PBXResourcesBuildPhase;
			buildActionMask = 2147483647;
			files = (
			);
			runOnlyForDeploymentPostprocessing = 0;
		};
		D3F4E8902D546E28002A430C /* Resources */ = {
			isa = PBXResourcesBuildPhase;
			buildActionMask = 2147483647;
			files = (
			);
			runOnlyForDeploymentPostprocessing = 0;
		};
		D3F4E89A2D546E28002A430C /* Resources */ = {
			isa = PBXResourcesBuildPhase;
			buildActionMask = 2147483647;
			files = (
			);
			runOnlyForDeploymentPostprocessing = 0;
		};
/* End PBXResourcesBuildPhase section */

/* Begin PBXSourcesBuildPhase section */
		D3F4E87E2D546E26002A430C /* Sources */ = {
			isa = PBXSourcesBuildPhase;
			buildActionMask = 2147483647;
			files = (
			);
			runOnlyForDeploymentPostprocessing = 0;
		};
		D3F4E88E2D546E28002A430C /* Sources */ = {
			isa = PBXSourcesBuildPhase;
			buildActionMask = 2147483647;
			files = (
			);
			runOnlyForDeploymentPostprocessing = 0;
		};
		D3F4E8982D546E28002A430C /* Sources */ = {
			isa = PBXSourcesBuildPhase;
			buildActionMask = 2147483647;
			files = (
			);
			runOnlyForDeploymentPostprocessing = 0;
		};
/* End PBXSourcesBuildPhase section */

/* Begin PBXTargetDependency section */
		D3F4E8942D546E28002A430C /* PBXTargetDependency */ = {
			isa = PBXTargetDependency;
			target = D3F4E8812D546E26002A430C /* ClockLearner */;
			targetProxy = D3F4E8932D546E28002A430C /* PBXContainerItemProxy */;
		};
		D3F4E89E2D546E28002A430C /* PBXTargetDependency */ = {
			isa = PBXTargetDependency;
			target = D3F4E8812D546E26002A430C /* ClockLearner */;
			targetProxy = D3F4E89D2D546E28002A430C /* PBXContainerItemProxy */;
		};
/* End PBXTargetDependency section */

/* Begin XCBuildConfiguration section */
		D3F4E8A42D546E28002A430C /* Debug */ = {
			isa = XCBuildConfiguration;
			buildSettings = {
				ALWAYS_SEARCH_USER_PATHS = NO;
				ASSETCATALOG_COMPILER_GENERATE_SWIFT_ASSET_SYMBOL_EXTENSIONS = YES;
				CLANG_ANALYZER_NONNULL = YES;
				CLANG_ANALYZER_NUMBER_OBJECT_CONVERSION = YES_AGGRESSIVE;
				CLANG_CXX_LANGUAGE_STANDARD = "gnu++20";
				CLANG_ENABLE_MODULES = YES;
				CLANG_ENABLE_OBJC_ARC = YES;
				CLANG_ENABLE_OBJC_WEAK = YES;
				CLANG_WARN_BLOCK_CAPTURE_AUTORELEASING = YES;
				CLANG_WARN_BOOL_CONVERSION = YES;
				CLANG_WARN_COMMA = YES;
				CLANG_WARN_CONSTANT_CONVERSION = YES;
				CLANG_WARN_DEPRECATED_OBJC_IMPLEMENTATIONS = YES;
				CLANG_WARN_DIRECT_OBJC_ISA_USAGE = YES_ERROR;
				CLANG_WARN_DOCUMENTATION_COMMENTS = YES;
				CLANG_WARN_EMPTY_BODY = YES;
				CLANG_WARN_ENUM_CONVERSION = YES;
				CLANG_WARN_INFINITE_RECURSION = YES;
				CLANG_WARN_INT_CONVERSION = YES;
				CLANG_WARN_NON_LITERAL_NULL_CONVERSION = YES;
				CLANG_WARN_OBJC_IMPLICIT_RETAIN_SELF = YES;
				CLANG_WARN_OBJC_LITERAL_CONVERSION = YES;
				CLANG_WARN_OBJC_ROOT_CLASS = YES_ERROR;
				CLANG_WARN_QUOTED_INCLUDE_IN_FRAMEWORK_HEADER = YES;
				CLANG_WARN_RANGE_LOOP_ANALYSIS = YES;
				CLANG_WARN_STRICT_PROTOTYPES = YES;
				CLANG_WARN_SUSPICIOUS_MOVE = YES;
				CLANG_WARN_UNGUARDED_AVAILABILITY = YES_AGGRESSIVE;
				CLANG_WARN_UNREACHABLE_CODE = YES;
				CLANG_WARN__DUPLICATE_METHOD_MATCH = YES;
				COPY_PHASE_STRIP = NO;
				DEBUG_INFORMATION_FORMAT = dwarf;
				ENABLE_STRICT_OBJC_MSGSEND = YES;
				ENABLE_TESTABILITY = YES;
				ENABLE_USER_SCRIPT_SANDBOXING = YES;
				GCC_C_LANGUAGE_STANDARD = gnu17;
				GCC_DYNAMIC_NO_PIC = NO;
				GCC_NO_COMMON_BLOCKS = YES;
				GCC_OPTIMIZATION_LEVEL = 0;
				GCC_PREPROCESSOR_DEFINITIONS = (
					"DEBUG=1",
					"$(inherited)",
				);
				GCC_WARN_64_TO_32_BIT_CONVERSION = YES;
				GCC_WARN_ABOUT_RETURN_TYPE = YES_ERROR;
				GCC_WARN_UNDECLARED_SELECTOR = YES;
				GCC_WARN_UNINITIALIZED_AUTOS = YES_AGGRESSIVE;
				GCC_WARN_UNUSED_FUNCTION = YES;
				GCC_WARN_UNUSED_VARIABLE = YES;
				IPHONEOS_DEPLOYMENT_TARGET = 18.2;
				LOCALIZATION_PREFERS_STRING_CATALOGS = YES;
				MTL_ENABLE_DEBUG_INFO = INCLUDE_SOURCE;
				MTL_FAST_MATH = YES;
				ONLY_ACTIVE_ARCH = YES;
				SDKROOT = iphoneos;
				SWIFT_ACTIVE_COMPILATION_CONDITIONS = "DEBUG $(inherited)";
				SWIFT_OPTIMIZATION_LEVEL = "-Onone";
			};
			name = Debug;
		};
		D3F4E8A52D546E28002A430C /* Release */ = {
			isa = XCBuildConfiguration;
			buildSettings = {
				ALWAYS_SEARCH_USER_PATHS = NO;
				ASSETCATALOG_COMPILER_GENERATE_SWIFT_ASSET_SYMBOL_EXTENSIONS = YES;
				CLANG_ANALYZER_NONNULL = YES;
				CLANG_ANALYZER_NUMBER_OBJECT_CONVERSION = YES_AGGRESSIVE;
				CLANG_CXX_LANGUAGE_STANDARD = "gnu++20";
				CLANG_ENABLE_MODULES = YES;
				CLANG_ENABLE_OBJC_ARC = YES;
				CLANG_ENABLE_OBJC_WEAK = YES;
				CLANG_WARN_BLOCK_CAPTURE_AUTORELEASING = YES;
				CLANG_WARN_BOOL_CONVERSION = YES;
				CLANG_WARN_COMMA = YES;
				CLANG_WARN_CONSTANT_CONVERSION = YES;
				CLANG_WARN_DEPRECATED_OBJC_IMPLEMENTATIONS = YES;
				CLANG_WARN_DIRECT_OBJC_ISA_USAGE = YES_ERROR;
				CLANG_WARN_DOCUMENTATION_COMMENTS = YES;
				CLANG_WARN_EMPTY_BODY = YES;
				CLANG_WARN_ENUM_CONVERSION = YES;
				CLANG_WARN_INFINITE_RECURSION = YES;
				CLANG_WARN_INT_CONVERSION = YES;
				CLANG_WARN_NON_LITERAL_NULL_CONVERSION = YES;
				CLANG_WARN_OBJC_IMPLICIT_RETAIN_SELF = YES;
				CLANG_WARN_OBJC_LITERAL_CONVERSION = YES;
				CLANG_WARN_OBJC_ROOT_CLASS = YES_ERROR;
				CLANG_WARN_QUOTED_INCLUDE_IN_FRAMEWORK_HEADER = YES;
				CLANG_WARN_RANGE_LOOP_ANALYSIS = YES;
				CLANG_WARN_STRICT_PROTOTYPES = YES;
				CLANG_WARN_SUSPICIOUS_MOVE = YES;
				CLANG_WARN_UNGUARDED_AVAILABILITY = YES_AGGRESSIVE;
				CLANG_WARN_UNREACHABLE_CODE = YES;
				CLANG_WARN__DUPLICATE_METHOD_MATCH = YES;
				COPY_PHASE_STRIP = NO;
				DEBUG_INFORMATION_FORMAT = "dwarf-with-dsym";
				ENABLE_NS_ASSERTIONS = NO;
				ENABLE_STRICT_OBJC_MSGSEND = YES;
				ENABLE_USER_SCRIPT_SANDBOXING = YES;
				GCC_C_LANGUAGE_STANDARD = gnu17;
				GCC_NO_COMMON_BLOCKS = YES;
				GCC_WARN_64_TO_32_BIT_CONVERSION = YES;
				GCC_WARN_ABOUT_RETURN_TYPE = YES_ERROR;
				GCC_WARN_UNDECLARED_SELECTOR = YES;
				GCC_WARN_UNINITIALIZED_AUTOS = YES_AGGRESSIVE;
				GCC_WARN_UNUSED_FUNCTION = YES;
				GCC_WARN_UNUSED_VARIABLE = YES;
				IPHONEOS_DEPLOYMENT_TARGET = 18.2;
				LOCALIZATION_PREFERS_STRING_CATALOGS = YES;
				MTL_ENABLE_DEBUG_INFO = NO;
				MTL_FAST_MATH = YES;
				SDKROOT = iphoneos;
				SWIFT_COMPILATION_MODE = wholemodule;
				VALIDATE_PRODUCT = YES;
			};
			name = Release;
		};
		D3F4E8A72D546E28002A430C /* Debug */ = {
			isa = XCBuildConfiguration;
			buildSettings = {
				ASSETCATALOG_COMPILER_APPICON_NAME = AppIcon;
				ASSETCATALOG_COMPILER_GLOBAL_ACCENT_COLOR_NAME = AccentColor;
				CODE_SIGN_STYLE = Automatic;
				CURRENT_PROJECT_VERSION = 1;
				DEVELOPMENT_ASSET_PATHS = "\"ClockLearner/Preview Content\"";
				DEVELOPMENT_TEAM = KSDFGJ6K7C;
				ENABLE_PREVIEWS = YES;
				GENERATE_INFOPLIST_FILE = YES;
				INFOPLIST_KEY_UIApplicationSceneManifest_Generation = YES;
				INFOPLIST_KEY_UIApplicationSupportsIndirectInputEvents = YES;
				INFOPLIST_KEY_UILaunchScreen_Generation = YES;
				INFOPLIST_KEY_UISupportedInterfaceOrientations_iPad = "UIInterfaceOrientationPortrait UIInterfaceOrientationPortraitUpsideDown UIInterfaceOrientationLandscapeLeft UIInterfaceOrientationLandscapeRight";
				INFOPLIST_KEY_UISupportedInterfaceOrientations_iPhone = "UIInterfaceOrientationPortrait UIInterfaceOrientationLandscapeLeft UIInterfaceOrientationLandscapeRight";
				LD_RUNPATH_SEARCH_PATHS = (
					"$(inherited)",
					"@executable_path/Frameworks",
				);
				MARKETING_VERSION = 1.0;
				PRODUCT_BUNDLE_IDENTIFIER = dreambuild.ClockLearner;
				PRODUCT_NAME = "$(TARGET_NAME)";
				SWIFT_EMIT_LOC_STRINGS = YES;
				SWIFT_VERSION = 5.0;
				TARGETED_DEVICE_FAMILY = "1,2";
			};
			name = Debug;
		};
		D3F4E8A82D546E28002A430C /* Release */ = {
			isa = XCBuildConfiguration;
			buildSettings = {
				ASSETCATALOG_COMPILER_APPICON_NAME = AppIcon;
				ASSETCATALOG_COMPILER_GLOBAL_ACCENT_COLOR_NAME = AccentColor;
				CODE_SIGN_STYLE = Automatic;
				CURRENT_PROJECT_VERSION = 1;
				DEVELOPMENT_ASSET_PATHS = "\"ClockLearner/Preview Content\"";
				DEVELOPMENT_TEAM = KSDFGJ6K7C;
				ENABLE_PREVIEWS = YES;
				GENERATE_INFOPLIST_FILE = YES;
				INFOPLIST_KEY_UIApplicationSceneManifest_Generation = YES;
				INFOPLIST_KEY_UIApplicationSupportsIndirectInputEvents = YES;
				INFOPLIST_KEY_UILaunchScreen_Generation = YES;
				INFOPLIST_KEY_UISupportedInterfaceOrientations_iPad = "UIInterfaceOrientationPortrait UIInterfaceOrientationPortraitUpsideDown UIInterfaceOrientationLandscapeLeft UIInterfaceOrientationLandscapeRight";
				INFOPLIST_KEY_UISupportedInterfaceOrientations_iPhone = "UIInterfaceOrientationPortrait UIInterfaceOrientationLandscapeLeft UIInterfaceOrientationLandscapeRight";
				LD_RUNPATH_SEARCH_PATHS = (
					"$(inherited)",
					"@executable_path/Frameworks",
				);
				MARKETING_VERSION = 1.0;
				PRODUCT_BUNDLE_IDENTIFIER = dreambuild.ClockLearner;
				PRODUCT_NAME = "$(TARGET_NAME)";
				SWIFT_EMIT_LOC_STRINGS = YES;
				SWIFT_VERSION = 5.0;
				TARGETED_DEVICE_FAMILY = "1,2";
			};
			name = Release;
		};
		D3F4E8AA2D546E28002A430C /* Debug */ = {
			isa = XCBuildConfiguration;
			buildSettings = {
				BUNDLE_LOADER = "$(TEST_HOST)";
				CODE_SIGN_STYLE = Automatic;
				CURRENT_PROJECT_VERSION = 1;
				DEVELOPMENT_TEAM = KSDFGJ6K7C;
				GENERATE_INFOPLIST_FILE = YES;
				IPHONEOS_DEPLOYMENT_TARGET = 18.2;
				MARKETING_VERSION = 1.0;
				PRODUCT_BUNDLE_IDENTIFIER = dreambuild.ClockLearnerTests;
				PRODUCT_NAME = "$(TARGET_NAME)";
				SWIFT_EMIT_LOC_STRINGS = NO;
				SWIFT_VERSION = 5.0;
				TARGETED_DEVICE_FAMILY = "1,2";
				TEST_HOST = "$(BUILT_PRODUCTS_DIR)/ClockLearner.app/$(BUNDLE_EXECUTABLE_FOLDER_PATH)/ClockLearner";
			};
			name = Debug;
		};
		D3F4E8AB2D546E28002A430C /* Release */ = {
			isa = XCBuildConfiguration;
			buildSettings = {
				BUNDLE_LOADER = "$(TEST_HOST)";
				CODE_SIGN_STYLE = Automatic;
				CURRENT_PROJECT_VERSION = 1;
				DEVELOPMENT_TEAM = KSDFGJ6K7C;
				GENERATE_INFOPLIST_FILE = YES;
				IPHONEOS_DEPLOYMENT_TARGET = 18.2;
				MARKETING_VERSION = 1.0;
				PRODUCT_BUNDLE_IDENTIFIER = dreambuild.ClockLearnerTests;
				PRODUCT_NAME = "$(TARGET_NAME)";
				SWIFT_EMIT_LOC_STRINGS = NO;
				SWIFT_VERSION = 5.0;
				TARGETED_DEVICE_FAMILY = "1,2";
				TEST_HOST = "$(BUILT_PRODUCTS_DIR)/ClockLearner.app/$(BUNDLE_EXECUTABLE_FOLDER_PATH)/ClockLearner";
			};
			name = Release;
		};
		D3F4E8AD2D546E28002A430C /* Debug */ = {
			isa = XCBuildConfiguration;
			buildSettings = {
				CODE_SIGN_STYLE = Automatic;
				CURRENT_PROJECT_VERSION = 1;
				DEVELOPMENT_TEAM = KSDFGJ6K7C;
				GENERATE_INFOPLIST_FILE = YES;
				MARKETING_VERSION = 1.0;
				PRODUCT_BUNDLE_IDENTIFIER = dreambuild.ClockLearnerUITests;
				PRODUCT_NAME = "$(TARGET_NAME)";
				SWIFT_EMIT_LOC_STRINGS = NO;
				SWIFT_VERSION = 5.0;
				TARGETED_DEVICE_FAMILY = "1,2";
				TEST_TARGET_NAME = ClockLearner;
			};
			name = Debug;
		};
		D3F4E8AE2D546E28002A430C /* Release */ = {
			isa = XCBuildConfiguration;
			buildSettings = {
				CODE_SIGN_STYLE = Automatic;
				CURRENT_PROJECT_VERSION = 1;
				DEVELOPMENT_TEAM = KSDFGJ6K7C;
				GENERATE_INFOPLIST_FILE = YES;
				MARKETING_VERSION = 1.0;
				PRODUCT_BUNDLE_IDENTIFIER = dreambuild.ClockLearnerUITests;
				PRODUCT_NAME = "$(TARGET_NAME)";
				SWIFT_EMIT_LOC_STRINGS = NO;
				SWIFT_VERSION = 5.0;
				TARGETED_DEVICE_FAMILY = "1,2";
				TEST_TARGET_NAME = ClockLearner;
			};
			name = Release;
		};
/* End XCBuildConfiguration section */

/* Begin XCConfigurationList section */
		D3F4E87D2D546E26002A430C /* Build configuration list for PBXProject "ClockLearner" */ = {
			isa = XCConfigurationList;
			buildConfigurations = (
				D3F4E8A42D546E28002A430C /* Debug */,
				D3F4E8A52D546E28002A430C /* Release */,
			);
			defaultConfigurationIsVisible = 0;
			defaultConfigurationName = Release;
		};
		D3F4E8A62D546E28002A430C /* Build configuration list for PBXNativeTarget "ClockLearner" */ = {
			isa = XCConfigurationList;
			buildConfigurations = (
				D3F4E8A72D546E28002A430C /* Debug */,
				D3F4E8A82D546E28002A430C /* Release */,
			);
			defaultConfigurationIsVisible = 0;
			defaultConfigurationName = Release;
		};
		D3F4E8A92D546E28002A430C /* Build configuration list for PBXNativeTarget "ClockLearnerTests" */ = {
			isa = XCConfigurationList;
			buildConfigurations = (
				D3F4E8AA2D546E28002A430C /* Debug */,
				D3F4E8AB2D546E28002A430C /* Release */,
			);
			defaultConfigurationIsVisible = 0;
			defaultConfigurationName = Release;
		};
		D3F4E8AC2D546E28002A430C /* Build configuration list for PBXNativeTarget "ClockLearnerUITests" */ = {
			isa = XCConfigurationList;
			buildConfigurations = (
				D3F4E8AD2D546E28002A430C /* Debug */,
				D3F4E8AE2D546E28002A430C /* Release */,
			);
			defaultConfigurationIsVisible = 0;
			defaultConfigurationName = Release;
		};
/* End XCConfigurationList section */
	};
	rootObject = D3F4E87A2D546E26002A430C /* Project object */;
}
