
Microsoft Visual Studio Solution File, Format Version 12.00
# Visual Studio 15
VisualStudioVersion = 15.0.27703.2042
MinimumVisualStudioVersion = 10.0.40219.1
Project("{FAE04EC0-301F-11D3-BF4B-00C04F79EFBC}") = "BookKeeper", "BookKeeper\BookKeeper.csproj", "{642AA9EF-6BE2-4F94-80EF-B1CD6E540A67}"
EndProject
Global
	GlobalSection(SolutionConfigurationPlatforms) = preSolution
		Debug|Any CPU = Debug|Any CPU
		Release|Any CPU = Release|Any CPU
	EndGlobalSection
	GlobalSection(ProjectConfigurationPlatforms) = postSolution
		{642AA9EF-6BE2-4F94-80EF-B1CD6E540A67}.Debug|Any CPU.ActiveCfg = Debug|Any CPU
		{642AA9EF-6BE2-4F94-80EF-B1CD6E540A67}.Debug|Any CPU.Build.0 = Debug|Any CPU
		{642AA9EF-6BE2-4F94-80EF-B1CD6E540A67}.Release|Any CPU.ActiveCfg = Release|Any CPU
		{642AA9EF-6BE2-4F94-80EF-B1CD6E540A67}.Release|Any CPU.Build.0 = Release|Any CPU
	EndGlobalSection
	GlobalSection(SolutionProperties) = preSolution
		HideSolutionNode = FALSE
	EndGlobalSection
	GlobalSection(ExtensibilityGlobals) = postSolution
		SolutionGuid = {B5E816D6-898D-4749-8CF2-F86D7354E5DF}
	EndGlobalSection
EndGlobal
