
Microsoft Visual Studio Solution File, Format Version 12.00
# Visual Studio 2013
Project("{FAE04EC0-301F-11D3-BF4B-00C04F79EFBC}") = "GridGeneration", "GridGeneration\GridGeneration.csproj", "{99679A30-0BAF-47C6-8347-E4C78A0F2D47}"
EndProject
Project("{FAE04EC0-301F-11D3-BF4B-00C04F79EFBC}") = "GridGenerationLib", "GridGenerationLib\GridGenerationLib.csproj", "{DC37BDAB-51E8-458B-9B1B-1ACF25D11BB4}"
EndProject
Global
	GlobalSection(SolutionConfigurationPlatforms) = preSolution
		Debug|Any CPU = Debug|Any CPU
		Release|Any CPU = Release|Any CPU
	EndGlobalSection
	GlobalSection(ProjectConfigurationPlatforms) = postSolution
		{99679A30-0BAF-47C6-8347-E4C78A0F2D47}.Debug|Any CPU.ActiveCfg = Debug|Any CPU
		{99679A30-0BAF-47C6-8347-E4C78A0F2D47}.Debug|Any CPU.Build.0 = Debug|Any CPU
		{99679A30-0BAF-47C6-8347-E4C78A0F2D47}.Release|Any CPU.ActiveCfg = Release|Any CPU
		{99679A30-0BAF-47C6-8347-E4C78A0F2D47}.Release|Any CPU.Build.0 = Release|Any CPU
		{DC37BDAB-51E8-458B-9B1B-1ACF25D11BB4}.Debug|Any CPU.ActiveCfg = Debug|Any CPU
		{DC37BDAB-51E8-458B-9B1B-1ACF25D11BB4}.Debug|Any CPU.Build.0 = Debug|Any CPU
		{DC37BDAB-51E8-458B-9B1B-1ACF25D11BB4}.Release|Any CPU.ActiveCfg = Release|Any CPU
		{DC37BDAB-51E8-458B-9B1B-1ACF25D11BB4}.Release|Any CPU.Build.0 = Release|Any CPU
	EndGlobalSection
	GlobalSection(SolutionProperties) = preSolution
		HideSolutionNode = FALSE
	EndGlobalSection
EndGlobal
