
Microsoft Visual Studio Solution File, Format Version 12.00
# Visual Studio 2013
Project("{F184B08F-C81C-45F6-A57F-5ABD9991F28F}") = "Snapshoter", "Snapshoter\Snapshoter.vbproj", "{666561D5-2611-4FD2-9FE4-A3F7140D2DC2}"
EndProject
Project("{F184B08F-C81C-45F6-A57F-5ABD9991F28F}") = "SnapshoterPlus", "SnapshoterPlus\SnapshoterPlus.vbproj", "{B505C40D-4690-4CC7-B669-F202839AD190}"
EndProject
Global
	GlobalSection(SolutionConfigurationPlatforms) = preSolution
		Debug|Any CPU = Debug|Any CPU
		Debug|Mixed Platforms = Debug|Mixed Platforms
		Debug|x86 = Debug|x86
		Release|Any CPU = Release|Any CPU
		Release|Mixed Platforms = Release|Mixed Platforms
		Release|x86 = Release|x86
	EndGlobalSection
	GlobalSection(ProjectConfigurationPlatforms) = postSolution
		{666561D5-2611-4FD2-9FE4-A3F7140D2DC2}.Debug|Any CPU.ActiveCfg = Debug|x86
		{666561D5-2611-4FD2-9FE4-A3F7140D2DC2}.Debug|Mixed Platforms.ActiveCfg = Debug|x86
		{666561D5-2611-4FD2-9FE4-A3F7140D2DC2}.Debug|Mixed Platforms.Build.0 = Debug|x86
		{666561D5-2611-4FD2-9FE4-A3F7140D2DC2}.Debug|x86.ActiveCfg = Debug|x86
		{666561D5-2611-4FD2-9FE4-A3F7140D2DC2}.Debug|x86.Build.0 = Debug|x86
		{666561D5-2611-4FD2-9FE4-A3F7140D2DC2}.Release|Any CPU.ActiveCfg = Release|x86
		{666561D5-2611-4FD2-9FE4-A3F7140D2DC2}.Release|Mixed Platforms.ActiveCfg = Release|x86
		{666561D5-2611-4FD2-9FE4-A3F7140D2DC2}.Release|Mixed Platforms.Build.0 = Release|x86
		{666561D5-2611-4FD2-9FE4-A3F7140D2DC2}.Release|x86.ActiveCfg = Release|x86
		{666561D5-2611-4FD2-9FE4-A3F7140D2DC2}.Release|x86.Build.0 = Release|x86
		{B505C40D-4690-4CC7-B669-F202839AD190}.Debug|Any CPU.ActiveCfg = Debug|Any CPU
		{B505C40D-4690-4CC7-B669-F202839AD190}.Debug|Any CPU.Build.0 = Debug|Any CPU
		{B505C40D-4690-4CC7-B669-F202839AD190}.Debug|Mixed Platforms.ActiveCfg = Debug|Any CPU
		{B505C40D-4690-4CC7-B669-F202839AD190}.Debug|Mixed Platforms.Build.0 = Debug|Any CPU
		{B505C40D-4690-4CC7-B669-F202839AD190}.Debug|x86.ActiveCfg = Debug|Any CPU
		{B505C40D-4690-4CC7-B669-F202839AD190}.Release|Any CPU.ActiveCfg = Release|Any CPU
		{B505C40D-4690-4CC7-B669-F202839AD190}.Release|Any CPU.Build.0 = Release|Any CPU
		{B505C40D-4690-4CC7-B669-F202839AD190}.Release|Mixed Platforms.ActiveCfg = Release|Any CPU
		{B505C40D-4690-4CC7-B669-F202839AD190}.Release|Mixed Platforms.Build.0 = Release|Any CPU
		{B505C40D-4690-4CC7-B669-F202839AD190}.Release|x86.ActiveCfg = Release|Any CPU
	EndGlobalSection
	GlobalSection(SolutionProperties) = preSolution
		HideSolutionNode = FALSE
	EndGlobalSection
EndGlobal
