
Microsoft Visual Studio Solution File, Format Version 12.00
# Visual Studio 15
VisualStudioVersion = 15.0.27130.2003
MinimumVisualStudioVersion = 10.0.40219.1
Project("{FAE04EC0-301F-11D3-BF4B-00C04F79EFBC}") = "JsonCommentsTest", "JsonCommentsTest\JsonCommentsTest.csproj", "{D84FEAB3-E13F-4A6D-9194-E5C403C6F18F}"
EndProject
Project("{FAE04EC0-301F-11D3-BF4B-00C04F79EFBC}") = "JsonCommentsTest.Old", "JsonCommentsTest.Old\JsonCommentsTest.Old.csproj", "{E47E1AAA-BC82-4FE1-AD69-AEBF642438E8}"
EndProject
Project("{FAE04EC0-301F-11D3-BF4B-00C04F79EFBC}") = "Simplest", "Simplest\Simplest.csproj", "{8E0979AD-26A0-4367-AF67-DF4857E86C39}"
EndProject
Global
	GlobalSection(SolutionConfigurationPlatforms) = preSolution
		Debug|Any CPU = Debug|Any CPU
		Release|Any CPU = Release|Any CPU
	EndGlobalSection
	GlobalSection(ProjectConfigurationPlatforms) = postSolution
		{D84FEAB3-E13F-4A6D-9194-E5C403C6F18F}.Debug|Any CPU.ActiveCfg = Debug|Any CPU
		{D84FEAB3-E13F-4A6D-9194-E5C403C6F18F}.Debug|Any CPU.Build.0 = Debug|Any CPU
		{D84FEAB3-E13F-4A6D-9194-E5C403C6F18F}.Release|Any CPU.ActiveCfg = Release|Any CPU
		{D84FEAB3-E13F-4A6D-9194-E5C403C6F18F}.Release|Any CPU.Build.0 = Release|Any CPU
		{E47E1AAA-BC82-4FE1-AD69-AEBF642438E8}.Debug|Any CPU.ActiveCfg = Debug|Any CPU
		{E47E1AAA-BC82-4FE1-AD69-AEBF642438E8}.Debug|Any CPU.Build.0 = Debug|Any CPU
		{E47E1AAA-BC82-4FE1-AD69-AEBF642438E8}.Release|Any CPU.ActiveCfg = Release|Any CPU
		{E47E1AAA-BC82-4FE1-AD69-AEBF642438E8}.Release|Any CPU.Build.0 = Release|Any CPU
		{8E0979AD-26A0-4367-AF67-DF4857E86C39}.Debug|Any CPU.ActiveCfg = Debug|Any CPU
		{8E0979AD-26A0-4367-AF67-DF4857E86C39}.Debug|Any CPU.Build.0 = Debug|Any CPU
		{8E0979AD-26A0-4367-AF67-DF4857E86C39}.Release|Any CPU.ActiveCfg = Release|Any CPU
		{8E0979AD-26A0-4367-AF67-DF4857E86C39}.Release|Any CPU.Build.0 = Release|Any CPU
	EndGlobalSection
	GlobalSection(SolutionProperties) = preSolution
		HideSolutionNode = FALSE
	EndGlobalSection
	GlobalSection(ExtensibilityGlobals) = postSolution
		SolutionGuid = {80986E92-E600-454D-90E3-BE3BC7459F66}
	EndGlobalSection
EndGlobal
