
Microsoft Visual Studio Solution File, Format Version 12.00
# Visual Studio Version 16
VisualStudioVersion = 16.0.30621.155
MinimumVisualStudioVersion = 10.0.40219.1
Project("{FAE04EC0-301F-11D3-BF4B-00C04F79EFBC}") = "BubbleMind", "BubbleMind\BubbleMind.csproj", "{0F44AEFA-C167-4715-8FC8-23C08EA20CCB}"
EndProject
Global
	GlobalSection(SolutionConfigurationPlatforms) = preSolution
		Debug|Any CPU = Debug|Any CPU
		Release|Any CPU = Release|Any CPU
	EndGlobalSection
	GlobalSection(ProjectConfigurationPlatforms) = postSolution
		{0F44AEFA-C167-4715-8FC8-23C08EA20CCB}.Debug|Any CPU.ActiveCfg = Debug|Any CPU
		{0F44AEFA-C167-4715-8FC8-23C08EA20CCB}.Debug|Any CPU.Build.0 = Debug|Any CPU
		{0F44AEFA-C167-4715-8FC8-23C08EA20CCB}.Release|Any CPU.ActiveCfg = Release|Any CPU
		{0F44AEFA-C167-4715-8FC8-23C08EA20CCB}.Release|Any CPU.Build.0 = Release|Any CPU
	EndGlobalSection
	GlobalSection(SolutionProperties) = preSolution
		HideSolutionNode = FALSE
	EndGlobalSection
	GlobalSection(ExtensibilityGlobals) = postSolution
		SolutionGuid = {DCAF71C1-DFD8-42DE-9260-CA558CBD71F0}
	EndGlobalSection
EndGlobal
