
Microsoft Visual Studio Solution File, Format Version 12.00
# Visual Studio 15
VisualStudioVersion = 15.0.27703.2026
MinimumVisualStudioVersion = 10.0.40219.1
Project("{FAE04EC0-301F-11D3-BF4B-00C04F79EFBC}") = "BubbleFlow.Core", "BubbleFlow.Core\BubbleFlow.Core.csproj", "{E0610852-9B8F-4F0F-8035-BBD32A0E1343}"
EndProject
Project("{FAE04EC0-301F-11D3-BF4B-00C04F79EFBC}") = "BubbleFlow.Editor", "BubbleFlow.Editor\BubbleFlow.Editor.csproj", "{680298FD-95AE-4C0E-AB44-72F5F46EB19A}"
EndProject
Project("{FAE04EC0-301F-11D3-BF4B-00C04F79EFBC}") = "BubbleFlow.Viewer", "BubbleFlow.Viewer\BubbleFlow.Viewer.csproj", "{EAD44A52-605B-43B6-B9A1-0927770DE57F}"
EndProject
Project("{9A19103F-16F7-4668-BE54-9A1E7A4F7556}") = "Dreambuild.Common", "..\Dreambuild.Common\Dreambuild.Common\Dreambuild.Common.csproj", "{8610CB80-D172-490F-A9A0-FAD4DF6743CF}"
EndProject
Project("{9A19103F-16F7-4668-BE54-9A1E7A4F7556}") = "Dreambuild.Common.Test", "..\Dreambuild.Common\Dreambuild.Common.Test\Dreambuild.Common.Test.csproj", "{F8F5D865-8C05-4F14-AF96-B1F43226A1DF}"
EndProject
Project("{FAE04EC0-301F-11D3-BF4B-00C04F79EFBC}") = "BubbleFlow.Tests", "BubbleFlow.Tests\BubbleFlow.Tests.csproj", "{3A75AD86-1500-4FF6-8495-FD83B34E6F71}"
EndProject
Global
	GlobalSection(SolutionConfigurationPlatforms) = preSolution
		Debug|Any CPU = Debug|Any CPU
		Release|Any CPU = Release|Any CPU
	EndGlobalSection
	GlobalSection(ProjectConfigurationPlatforms) = postSolution
		{E0610852-9B8F-4F0F-8035-BBD32A0E1343}.Debug|Any CPU.ActiveCfg = Debug|Any CPU
		{E0610852-9B8F-4F0F-8035-BBD32A0E1343}.Debug|Any CPU.Build.0 = Debug|Any CPU
		{E0610852-9B8F-4F0F-8035-BBD32A0E1343}.Release|Any CPU.ActiveCfg = Release|Any CPU
		{E0610852-9B8F-4F0F-8035-BBD32A0E1343}.Release|Any CPU.Build.0 = Release|Any CPU
		{680298FD-95AE-4C0E-AB44-72F5F46EB19A}.Debug|Any CPU.ActiveCfg = Debug|Any CPU
		{680298FD-95AE-4C0E-AB44-72F5F46EB19A}.Debug|Any CPU.Build.0 = Debug|Any CPU
		{680298FD-95AE-4C0E-AB44-72F5F46EB19A}.Release|Any CPU.ActiveCfg = Release|Any CPU
		{680298FD-95AE-4C0E-AB44-72F5F46EB19A}.Release|Any CPU.Build.0 = Release|Any CPU
		{EAD44A52-605B-43B6-B9A1-0927770DE57F}.Debug|Any CPU.ActiveCfg = Debug|Any CPU
		{EAD44A52-605B-43B6-B9A1-0927770DE57F}.Debug|Any CPU.Build.0 = Debug|Any CPU
		{EAD44A52-605B-43B6-B9A1-0927770DE57F}.Release|Any CPU.ActiveCfg = Release|Any CPU
		{EAD44A52-605B-43B6-B9A1-0927770DE57F}.Release|Any CPU.Build.0 = Release|Any CPU
		{8610CB80-D172-490F-A9A0-FAD4DF6743CF}.Debug|Any CPU.ActiveCfg = Debug|Any CPU
		{8610CB80-D172-490F-A9A0-FAD4DF6743CF}.Debug|Any CPU.Build.0 = Debug|Any CPU
		{8610CB80-D172-490F-A9A0-FAD4DF6743CF}.Release|Any CPU.ActiveCfg = Release|Any CPU
		{8610CB80-D172-490F-A9A0-FAD4DF6743CF}.Release|Any CPU.Build.0 = Release|Any CPU
		{F8F5D865-8C05-4F14-AF96-B1F43226A1DF}.Debug|Any CPU.ActiveCfg = Debug|Any CPU
		{F8F5D865-8C05-4F14-AF96-B1F43226A1DF}.Debug|Any CPU.Build.0 = Debug|Any CPU
		{F8F5D865-8C05-4F14-AF96-B1F43226A1DF}.Release|Any CPU.ActiveCfg = Release|Any CPU
		{F8F5D865-8C05-4F14-AF96-B1F43226A1DF}.Release|Any CPU.Build.0 = Release|Any CPU
		{3A75AD86-1500-4FF6-8495-FD83B34E6F71}.Debug|Any CPU.ActiveCfg = Debug|Any CPU
		{3A75AD86-1500-4FF6-8495-FD83B34E6F71}.Debug|Any CPU.Build.0 = Debug|Any CPU
		{3A75AD86-1500-4FF6-8495-FD83B34E6F71}.Release|Any CPU.ActiveCfg = Release|Any CPU
		{3A75AD86-1500-4FF6-8495-FD83B34E6F71}.Release|Any CPU.Build.0 = Release|Any CPU
	EndGlobalSection
	GlobalSection(SolutionProperties) = preSolution
		HideSolutionNode = FALSE
	EndGlobalSection
	GlobalSection(ExtensibilityGlobals) = postSolution
		SolutionGuid = {9256E9BB-2C29-4599-80EB-6E7CE0908169}
	EndGlobalSection
EndGlobal
