
Microsoft Visual Studio Solution File, Format Version 12.00
# Visual Studio Version 16
VisualStudioVersion = 16.0.29709.97
MinimumVisualStudioVersion = 10.0.40219.1
Project("{FAE04EC0-301F-11D3-BF4B-00C04F79EFBC}") = "TrailingSpaceRemover", "TrailingSpaceRemover\TrailingSpaceRemover.csproj", "{9835273C-2151-4DC3-A9AF-A40FEF524CFA}"
EndProject
Global
	GlobalSection(SolutionConfigurationPlatforms) = preSolution
		Debug|Any CPU = Debug|Any CPU
		Release|Any CPU = Release|Any CPU
	EndGlobalSection
	GlobalSection(ProjectConfigurationPlatforms) = postSolution
		{9835273C-2151-4DC3-A9AF-A40FEF524CFA}.Debug|Any CPU.ActiveCfg = Debug|Any CPU
		{9835273C-2151-4DC3-A9AF-A40FEF524CFA}.Debug|Any CPU.Build.0 = Debug|Any CPU
		{9835273C-2151-4DC3-A9AF-A40FEF524CFA}.Release|Any CPU.ActiveCfg = Release|Any CPU
		{9835273C-2151-4DC3-A9AF-A40FEF524CFA}.Release|Any CPU.Build.0 = Release|Any CPU
	EndGlobalSection
	GlobalSection(SolutionProperties) = preSolution
		HideSolutionNode = FALSE
	EndGlobalSection
	GlobalSection(ExtensibilityGlobals) = postSolution
		SolutionGuid = {EA61A58D-8F20-4001-BA49-FDFDD5CB67FD}
	EndGlobalSection
EndGlobal
