// !$*UTF8*$!
{
	archiveVersion = 1;
	classes = {
	};
	objectVersion = 77;
	objects = {

/* Begin PBXContainerItemProxy section */
		D3AC7F672D34BD4100530A98 /* PBXContainerItemProxy */ = {
			isa = PBXContainerItemProxy;
			containerPortal = D3AC7F4E2D34BD4000530A98 /* Project object */;
			proxyType = 1;
			remoteGlobalIDString = D3AC7F552D34BD4000530A98;
			remoteInfo = DevCheat;
		};
		D3AC7F712D34BD4100530A98 /* PBXContainerItemProxy */ = {
			isa = PBXContainerItemProxy;
			containerPortal = D3AC7F4E2D34BD4000530A98 /* Project object */;
			proxyType = 1;
			remoteGlobalIDString = D3AC7F552D34BD4000530A98;
			remoteInfo = DevCheat;
		};
/* End PBXContainerItemProxy section */

/* Begin PBXFileReference section */
		D3AC7F562D34BD4000530A98 /* DevCheat.app */ = {isa = PBXFileReference; explicitFileType = wrapper.application; includeInIndex = 0; path = DevCheat.app; sourceTree = BUILT_PRODUCTS_DIR; };
		D3AC7F662D34BD4100530A98 /* DevCheatTests.xctest */ = {isa = PBXFileReference; explicitFileType = wrapper.cfbundle; includeInIndex = 0; path = DevCheatTests.xctest; sourceTree = BUILT_PRODUCTS_DIR; };
		D3AC7F702D34BD4100530A98 /* DevCheatUITests.xctest */ = {isa = PBXFileReference; explicitFileType = wrapper.cfbundle; includeInIndex = 0; path = DevCheatUITests.xctest; sourceTree = BUILT_PRODUCTS_DIR; };
/* End PBXFileReference section */

/* Begin PBXFileSystemSynchronizedRootGroup section */
		D3AC7F582D34BD4000530A98 /* DevCheat */ = {
			isa = PBXFileSystemSynchronizedRootGroup;
			path = DevCheat;
			sourceTree = "<group>";
		};
		D3AC7F692D34BD4100530A98 /* DevCheatTests */ = {
			isa = PBXFileSystemSynchronizedRootGroup;
			path = DevCheatTests;
			sourceTree = "<group>";
		};
		D3AC7F732D34BD4100530A98 /* DevCheatUITests */ = {
			isa = PBXFileSystemSynchronizedRootGroup;
			path = DevCheatUITests;
			sourceTree = "<group>";
		};
/* End PBXFileSystemSynchronizedRootGroup section */

/* Begin PBXFrameworksBuildPhase section */
		D3AC7F532D34BD4000530A98 /* Frameworks */ = {
			isa = PBXFrameworksBuildPhase;
			buildActionMask = 2147483647;
			files = (
			);
			runOnlyForDeploymentPostprocessing = 0;
		};
		D3AC7F632D34BD4100530A98 /* Frameworks */ = {
			isa = PBXFrameworksBuildPhase;
			buildActionMask = 2147483647;
			files = (
			);
			runOnlyForDeploymentPostprocessing = 0;
		};
		D3AC7F6D2D34BD4100530A98 /* Frameworks */ = {
			isa = PBXFrameworksBuildPhase;
			buildActionMask = 2147483647;
			files = (
			);
			runOnlyForDeploymentPostprocessing = 0;
		};
/* End PBXFrameworksBuildPhase section */

/* Begin PBXGroup section */
		D3AC7F4D2D34BD4000530A98 = {
			isa = PBXGroup;
			children = (
				D3AC7F582D34BD4000530A98 /* DevCheat */,
				D3AC7F692D34BD4100530A98 /* DevCheatTests */,
				D3AC7F732D34BD4100530A98 /* DevCheatUITests */,
				D3AC7F572D34BD4000530A98 /* Products */,
			);
			sourceTree = "<group>";
		};
		D3AC7F572D34BD4000530A98 /* Products */ = {
			isa = PBXGroup;
			children = (
				D3AC7F562D34BD4000530A98 /* DevCheat.app */,
				D3AC7F662D34BD4100530A98 /* DevCheatTests.xctest */,
				D3AC7F702D34BD4100530A98 /* DevCheatUITests.xctest */,
			);
			name = Products;
			sourceTree = "<group>";
		};
/* End PBXGroup section */

/* Begin PBXNativeTarget section */
		D3AC7F552D34BD4000530A98 /* DevCheat */ = {
			isa = PBXNativeTarget;
			buildConfigurationList = D3AC7F7A2D34BD4100530A98 /* Build configuration list for PBXNativeTarget "DevCheat" */;
			buildPhases = (
				D3AC7F522D34BD4000530A98 /* Sources */,
				D3AC7F532D34BD4000530A98 /* Frameworks */,
				D3AC7F542D34BD4000530A98 /* Resources */,
			);
			buildRules = (
			);
			dependencies = (
			);
			fileSystemSynchronizedGroups = (
				D3AC7F582D34BD4000530A98 /* DevCheat */,
			);
			name = DevCheat;
			packageProductDependencies = (
			);
			productName = DevCheat;
			productReference = D3AC7F562D34BD4000530A98 /* DevCheat.app */;
			productType = "com.apple.product-type.application";
		};
		D3AC7F652D34BD4100530A98 /* DevCheatTests */ = {
			isa = PBXNativeTarget;
			buildConfigurationList = D3AC7F7D2D34BD4100530A98 /* Build configuration list for PBXNativeTarget "DevCheatTests" */;
			buildPhases = (
				D3AC7F622D34BD4100530A98 /* Sources */,
				D3AC7F632D34BD4100530A98 /* Frameworks */,
				D3AC7F642D34BD4100530A98 /* Resources */,
			);
			buildRules = (
			);
			dependencies = (
				D3AC7F682D34BD4100530A98 /* PBXTargetDependency */,
			);
			fileSystemSynchronizedGroups = (
				D3AC7F692D34BD4100530A98 /* DevCheatTests */,
			);
			name = DevCheatTests;
			packageProductDependencies = (
			);
			productName = DevCheatTests;
			productReference = D3AC7F662D34BD4100530A98 /* DevCheatTests.xctest */;
			productType = "com.apple.product-type.bundle.unit-test";
		};
		D3AC7F6F2D34BD4100530A98 /* DevCheatUITests */ = {
			isa = PBXNativeTarget;
			buildConfigurationList = D3AC7F802D34BD4100530A98 /* Build configuration list for PBXNativeTarget "DevCheatUITests" */;
			buildPhases = (
				D3AC7F6C2D34BD4100530A98 /* Sources */,
				D3AC7F6D2D34BD4100530A98 /* Frameworks */,
				D3AC7F6E2D34BD4100530A98 /* Resources */,
			);
			buildRules = (
			);
			dependencies = (
				D3AC7F722D34BD4100530A98 /* PBXTargetDependency */,
			);
			fileSystemSynchronizedGroups = (
				D3AC7F732D34BD4100530A98 /* DevCheatUITests */,
			);
			name = DevCheatUITests;
			packageProductDependencies = (
			);
			productName = DevCheatUITests;
			productReference = D3AC7F702D34BD4100530A98 /* DevCheatUITests.xctest */;
			productType = "com.apple.product-type.bundle.ui-testing";
		};
/* End PBXNativeTarget section */

/* Begin PBXProject section */
		D3AC7F4E2D34BD4000530A98 /* Project object */ = {
			isa = PBXProject;
			attributes = {
				BuildIndependentTargetsInParallel = 1;
				LastSwiftUpdateCheck = 1620;
				LastUpgradeCheck = 1620;
				TargetAttributes = {
					D3AC7F552D34BD4000530A98 = {
						CreatedOnToolsVersion = 16.2;
					};
					D3AC7F652D34BD4100530A98 = {
						CreatedOnToolsVersion = 16.2;
						TestTargetID = D3AC7F552D34BD4000530A98;
					};
					D3AC7F6F2D34BD4100530A98 = {
						CreatedOnToolsVersion = 16.2;
						TestTargetID = D3AC7F552D34BD4000530A98;
					};
				};
			};
			buildConfigurationList = D3AC7F512D34BD4000530A98 /* Build configuration list for PBXProject "DevCheat" */;
			developmentRegion = en;
			hasScannedForEncodings = 0;
			knownRegions = (
				en,
				Base,
			);
			mainGroup = D3AC7F4D2D34BD4000530A98;
			minimizedProjectReferenceProxies = 1;
			preferredProjectObjectVersion = 77;
			productRefGroup = D3AC7F572D34BD4000530A98 /* Products */;
			projectDirPath = "";
			projectRoot = "";
			targets = (
				D3AC7F552D34BD4000530A98 /* DevCheat */,
				D3AC7F652D34BD4100530A98 /* DevCheatTests */,
				D3AC7F6F2D34BD4100530A98 /* DevCheatUITests */,
			);
		};
/* End PBXProject section */

/* Begin PBXResourcesBuildPhase section */
		D3AC7F542D34BD4000530A98 /* Resources */ = {
			isa = PBXResourcesBuildPhase;
			buildActionMask = 2147483647;
			files = (
			);
			runOnlyForDeploymentPostprocessing = 0;
		};
		D3AC7F642D34BD4100530A98 /* Resources */ = {
			isa = PBXResourcesBuildPhase;
			buildActionMask = 2147483647;
			files = (
			);
			runOnlyForDeploymentPostprocessing = 0;
		};
		D3AC7F6E2D34BD4100530A98 /* Resources */ = {
			isa = PBXResourcesBuildPhase;
			buildActionMask = 2147483647;
			files = (
			);
			runOnlyForDeploymentPostprocessing = 0;
		};
/* End PBXResourcesBuildPhase section */

/* Begin PBXSourcesBuildPhase section */
		D3AC7F522D34BD4000530A98 /* Sources */ = {
			isa = PBXSourcesBuildPhase;
			buildActionMask = 2147483647;
			files = (
			);
			runOnlyForDeploymentPostprocessing = 0;
		};
		D3AC7F622D34BD4100530A98 /* Sources */ = {
			isa = PBXSourcesBuildPhase;
			buildActionMask = 2147483647;
			files = (
			);
			runOnlyForDeploymentPostprocessing = 0;
		};
		D3AC7F6C2D34BD4100530A98 /* Sources */ = {
			isa = PBXSourcesBuildPhase;
			buildActionMask = 2147483647;
			files = (
			);
			runOnlyForDeploymentPostprocessing = 0;
		};
/* End PBXSourcesBuildPhase section */

/* Begin PBXTargetDependency section */
		D3AC7F682D34BD4100530A98 /* PBXTargetDependency */ = {
			isa = PBXTargetDependency;
			target = D3AC7F552D34BD4000530A98 /* DevCheat */;
			targetProxy = D3AC7F672D34BD4100530A98 /* PBXContainerItemProxy */;
		};
		D3AC7F722D34BD4100530A98 /* PBXTargetDependency */ = {
			isa = PBXTargetDependency;
			target = D3AC7F552D34BD4000530A98 /* DevCheat */;
			targetProxy = D3AC7F712D34BD4100530A98 /* PBXContainerItemProxy */;
		};
/* End PBXTargetDependency section */

/* Begin XCBuildConfiguration section */
		D3AC7F782D34BD4100530A98 /* Debug */ = {
			isa = XCBuildConfiguration;
			buildSettings = {
				ALWAYS_SEARCH_USER_PATHS = NO;
				ASSETCATALOG_COMPILER_GENERATE_SWIFT_ASSET_SYMBOL_EXTENSIONS = YES;
				CLANG_ANALYZER_NONNULL = YES;
				CLANG_ANALYZER_NUMBER_OBJECT_CONVERSION = YES_AGGRESSIVE;
				CLANG_CXX_LANGUAGE_STANDARD = "gnu++20";
				CLANG_ENABLE_MODULES = YES;
				CLANG_ENABLE_OBJC_ARC = YES;
				CLANG_ENABLE_OBJC_WEAK = YES;
				CLANG_WARN_BLOCK_CAPTURE_AUTORELEASING = YES;
				CLANG_WARN_BOOL_CONVERSION = YES;
				CLANG_WARN_COMMA = YES;
				CLANG_WARN_CONSTANT_CONVERSION = YES;
				CLANG_WARN_DEPRECATED_OBJC_IMPLEMENTATIONS = YES;
				CLANG_WARN_DIRECT_OBJC_ISA_USAGE = YES_ERROR;
				CLANG_WARN_DOCUMENTATION_COMMENTS = YES;
				CLANG_WARN_EMPTY_BODY = YES;
				CLANG_WARN_ENUM_CONVERSION = YES;
				CLANG_WARN_INFINITE_RECURSION = YES;
				CLANG_WARN_INT_CONVERSION = YES;
				CLANG_WARN_NON_LITERAL_NULL_CONVERSION = YES;
				CLANG_WARN_OBJC_IMPLICIT_RETAIN_SELF = YES;
				CLANG_WARN_OBJC_LITERAL_CONVERSION = YES;
				CLANG_WARN_OBJC_ROOT_CLASS = YES_ERROR;
				CLANG_WARN_QUOTED_INCLUDE_IN_FRAMEWORK_HEADER = YES;
				CLANG_WARN_RANGE_LOOP_ANALYSIS = YES;
				CLANG_WARN_STRICT_PROTOTYPES = YES;
				CLANG_WARN_SUSPICIOUS_MOVE = YES;
				CLANG_WARN_UNGUARDED_AVAILABILITY = YES_AGGRESSIVE;
				CLANG_WARN_UNREACHABLE_CODE = YES;
				CLANG_WARN__DUPLICATE_METHOD_MATCH = YES;
				COPY_PHASE_STRIP = NO;
				DEBUG_INFORMATION_FORMAT = dwarf;
				ENABLE_STRICT_OBJC_MSGSEND = YES;
				ENABLE_TESTABILITY = YES;
				ENABLE_USER_SCRIPT_SANDBOXING = YES;
				GCC_C_LANGUAGE_STANDARD = gnu17;
				GCC_DYNAMIC_NO_PIC = NO;
				GCC_NO_COMMON_BLOCKS = YES;
				GCC_OPTIMIZATION_LEVEL = 0;
				GCC_PREPROCESSOR_DEFINITIONS = (
					"DEBUG=1",
					"$(inherited)",
				);
				GCC_WARN_64_TO_32_BIT_CONVERSION = YES;
				GCC_WARN_ABOUT_RETURN_TYPE = YES_ERROR;
				GCC_WARN_UNDECLARED_SELECTOR = YES;
				GCC_WARN_UNINITIALIZED_AUTOS = YES_AGGRESSIVE;
				GCC_WARN_UNUSED_FUNCTION = YES;
				GCC_WARN_UNUSED_VARIABLE = YES;
				IPHONEOS_DEPLOYMENT_TARGET = 18.2;
				LOCALIZATION_PREFERS_STRING_CATALOGS = YES;
				MTL_ENABLE_DEBUG_INFO = INCLUDE_SOURCE;
				MTL_FAST_MATH = YES;
				ONLY_ACTIVE_ARCH = YES;
				SDKROOT = iphoneos;
				SWIFT_ACTIVE_COMPILATION_CONDITIONS = "DEBUG $(inherited)";
				SWIFT_OPTIMIZATION_LEVEL = "-Onone";
			};
			name = Debug;
		};
		D3AC7F792D34BD4100530A98 /* Release */ = {
			isa = XCBuildConfiguration;
			buildSettings = {
				ALWAYS_SEARCH_USER_PATHS = NO;
				ASSETCATALOG_COMPILER_GENERATE_SWIFT_ASSET_SYMBOL_EXTENSIONS = YES;
				CLANG_ANALYZER_NONNULL = YES;
				CLANG_ANALYZER_NUMBER_OBJECT_CONVERSION = YES_AGGRESSIVE;
				CLANG_CXX_LANGUAGE_STANDARD = "gnu++20";
				CLANG_ENABLE_MODULES = YES;
				CLANG_ENABLE_OBJC_ARC = YES;
				CLANG_ENABLE_OBJC_WEAK = YES;
				CLANG_WARN_BLOCK_CAPTURE_AUTORELEASING = YES;
				CLANG_WARN_BOOL_CONVERSION = YES;
				CLANG_WARN_COMMA = YES;
				CLANG_WARN_CONSTANT_CONVERSION = YES;
				CLANG_WARN_DEPRECATED_OBJC_IMPLEMENTATIONS = YES;
				CLANG_WARN_DIRECT_OBJC_ISA_USAGE = YES_ERROR;
				CLANG_WARN_DOCUMENTATION_COMMENTS = YES;
				CLANG_WARN_EMPTY_BODY = YES;
				CLANG_WARN_ENUM_CONVERSION = YES;
				CLANG_WARN_INFINITE_RECURSION = YES;
				CLANG_WARN_INT_CONVERSION = YES;
				CLANG_WARN_NON_LITERAL_NULL_CONVERSION = YES;
				CLANG_WARN_OBJC_IMPLICIT_RETAIN_SELF = YES;
				CLANG_WARN_OBJC_LITERAL_CONVERSION = YES;
				CLANG_WARN_OBJC_ROOT_CLASS = YES_ERROR;
				CLANG_WARN_QUOTED_INCLUDE_IN_FRAMEWORK_HEADER = YES;
				CLANG_WARN_RANGE_LOOP_ANALYSIS = YES;
				CLANG_WARN_STRICT_PROTOTYPES = YES;
				CLANG_WARN_SUSPICIOUS_MOVE = YES;
				CLANG_WARN_UNGUARDED_AVAILABILITY = YES_AGGRESSIVE;
				CLANG_WARN_UNREACHABLE_CODE = YES;
				CLANG_WARN__DUPLICATE_METHOD_MATCH = YES;
				COPY_PHASE_STRIP = NO;
				DEBUG_INFORMATION_FORMAT = "dwarf-with-dsym";
				ENABLE_NS_ASSERTIONS = NO;
				ENABLE_STRICT_OBJC_MSGSEND = YES;
				ENABLE_USER_SCRIPT_SANDBOXING = YES;
				GCC_C_LANGUAGE_STANDARD = gnu17;
				GCC_NO_COMMON_BLOCKS = YES;
				GCC_WARN_64_TO_32_BIT_CONVERSION = YES;
				GCC_WARN_ABOUT_RETURN_TYPE = YES_ERROR;
				GCC_WARN_UNDECLARED_SELECTOR = YES;
				GCC_WARN_UNINITIALIZED_AUTOS = YES_AGGRESSIVE;
				GCC_WARN_UNUSED_FUNCTION = YES;
				GCC_WARN_UNUSED_VARIABLE = YES;
				IPHONEOS_DEPLOYMENT_TARGET = 18.2;
				LOCALIZATION_PREFERS_STRING_CATALOGS = YES;
				MTL_ENABLE_DEBUG_INFO = NO;
				MTL_FAST_MATH = YES;
				SDKROOT = iphoneos;
				SWIFT_COMPILATION_MODE = wholemodule;
				VALIDATE_PRODUCT = YES;
			};
			name = Release;
		};
		D3AC7F7B2D34BD4100530A98 /* Debug */ = {
			isa = XCBuildConfiguration;
			buildSettings = {
				ASSETCATALOG_COMPILER_APPICON_NAME = AppIcon;
				ASSETCATALOG_COMPILER_GLOBAL_ACCENT_COLOR_NAME = AccentColor;
				CODE_SIGN_ENTITLEMENTS = DevCheat/DevCheat.entitlements;
				CODE_SIGN_STYLE = Automatic;
				CURRENT_PROJECT_VERSION = 1;
				DEVELOPMENT_ASSET_PATHS = "\"DevCheat/Preview Content\"";
				DEVELOPMENT_TEAM = KSDFGJ6K7C;
				ENABLE_PREVIEWS = YES;
				GENERATE_INFOPLIST_FILE = YES;
				INFOPLIST_KEY_UIApplicationSceneManifest_Generation = YES;
				INFOPLIST_KEY_UIApplicationSupportsIndirectInputEvents = YES;
				INFOPLIST_KEY_UILaunchScreen_Generation = YES;
				INFOPLIST_KEY_UISupportedInterfaceOrientations_iPad = "UIInterfaceOrientationPortrait UIInterfaceOrientationPortraitUpsideDown UIInterfaceOrientationLandscapeLeft UIInterfaceOrientationLandscapeRight";
				INFOPLIST_KEY_UISupportedInterfaceOrientations_iPhone = "UIInterfaceOrientationPortrait UIInterfaceOrientationLandscapeLeft UIInterfaceOrientationLandscapeRight";
				LD_RUNPATH_SEARCH_PATHS = (
					"$(inherited)",
					"@executable_path/Frameworks",
				);
				MARKETING_VERSION = 1.0;
				PRODUCT_BUNDLE_IDENTIFIER = dreambuild.DevCheat;
				PRODUCT_NAME = "$(TARGET_NAME)";
				SUPPORTED_PLATFORMS = "iphoneos iphonesimulator";
				SUPPORTS_MACCATALYST = YES;
				SWIFT_EMIT_LOC_STRINGS = YES;
				SWIFT_VERSION = 5.0;
				TARGETED_DEVICE_FAMILY = "1,2";
			};
			name = Debug;
		};
		D3AC7F7C2D34BD4100530A98 /* Release */ = {
			isa = XCBuildConfiguration;
			buildSettings = {
				ASSETCATALOG_COMPILER_APPICON_NAME = AppIcon;
				ASSETCATALOG_COMPILER_GLOBAL_ACCENT_COLOR_NAME = AccentColor;
				CODE_SIGN_ENTITLEMENTS = DevCheat/DevCheat.entitlements;
				CODE_SIGN_STYLE = Automatic;
				CURRENT_PROJECT_VERSION = 1;
				DEVELOPMENT_ASSET_PATHS = "\"DevCheat/Preview Content\"";
				DEVELOPMENT_TEAM = KSDFGJ6K7C;
				ENABLE_PREVIEWS = YES;
				GENERATE_INFOPLIST_FILE = YES;
				INFOPLIST_KEY_UIApplicationSceneManifest_Generation = YES;
				INFOPLIST_KEY_UIApplicationSupportsIndirectInputEvents = YES;
				INFOPLIST_KEY_UILaunchScreen_Generation = YES;
				INFOPLIST_KEY_UISupportedInterfaceOrientations_iPad = "UIInterfaceOrientationPortrait UIInterfaceOrientationPortraitUpsideDown UIInterfaceOrientationLandscapeLeft UIInterfaceOrientationLandscapeRight";
				INFOPLIST_KEY_UISupportedInterfaceOrientations_iPhone = "UIInterfaceOrientationPortrait UIInterfaceOrientationLandscapeLeft UIInterfaceOrientationLandscapeRight";
				LD_RUNPATH_SEARCH_PATHS = (
					"$(inherited)",
					"@executable_path/Frameworks",
				);
				MARKETING_VERSION = 1.0;
				PRODUCT_BUNDLE_IDENTIFIER = dreambuild.DevCheat;
				PRODUCT_NAME = "$(TARGET_NAME)";
				SUPPORTED_PLATFORMS = "iphoneos iphonesimulator";
				SUPPORTS_MACCATALYST = YES;
				SWIFT_EMIT_LOC_STRINGS = YES;
				SWIFT_VERSION = 5.0;
				TARGETED_DEVICE_FAMILY = "1,2";
			};
			name = Release;
		};
		D3AC7F7E2D34BD4100530A98 /* Debug */ = {
			isa = XCBuildConfiguration;
			buildSettings = {
				BUNDLE_LOADER = "$(TEST_HOST)";
				CODE_SIGN_STYLE = Automatic;
				CURRENT_PROJECT_VERSION = 1;
				GENERATE_INFOPLIST_FILE = YES;
				IPHONEOS_DEPLOYMENT_TARGET = 18.2;
				MARKETING_VERSION = 1.0;
				PRODUCT_BUNDLE_IDENTIFIER = dreambuild.DevCheatTests;
				PRODUCT_NAME = "$(TARGET_NAME)";
				SWIFT_EMIT_LOC_STRINGS = NO;
				SWIFT_VERSION = 5.0;
				TARGETED_DEVICE_FAMILY = "1,2";
				TEST_HOST = "$(BUILT_PRODUCTS_DIR)/DevCheat.app/$(BUNDLE_EXECUTABLE_FOLDER_PATH)/DevCheat";
			};
			name = Debug;
		};
		D3AC7F7F2D34BD4100530A98 /* Release */ = {
			isa = XCBuildConfiguration;
			buildSettings = {
				BUNDLE_LOADER = "$(TEST_HOST)";
				CODE_SIGN_STYLE = Automatic;
				CURRENT_PROJECT_VERSION = 1;
				GENERATE_INFOPLIST_FILE = YES;
				IPHONEOS_DEPLOYMENT_TARGET = 18.2;
				MARKETING_VERSION = 1.0;
				PRODUCT_BUNDLE_IDENTIFIER = dreambuild.DevCheatTests;
				PRODUCT_NAME = "$(TARGET_NAME)";
				SWIFT_EMIT_LOC_STRINGS = NO;
				SWIFT_VERSION = 5.0;
				TARGETED_DEVICE_FAMILY = "1,2";
				TEST_HOST = "$(BUILT_PRODUCTS_DIR)/DevCheat.app/$(BUNDLE_EXECUTABLE_FOLDER_PATH)/DevCheat";
			};
			name = Release;
		};
		D3AC7F812D34BD4100530A98 /* Debug */ = {
			isa = XCBuildConfiguration;
			buildSettings = {
				CODE_SIGN_STYLE = Automatic;
				CURRENT_PROJECT_VERSION = 1;
				GENERATE_INFOPLIST_FILE = YES;
				MARKETING_VERSION = 1.0;
				PRODUCT_BUNDLE_IDENTIFIER = dreambuild.DevCheatUITests;
				PRODUCT_NAME = "$(TARGET_NAME)";
				SWIFT_EMIT_LOC_STRINGS = NO;
				SWIFT_VERSION = 5.0;
				TARGETED_DEVICE_FAMILY = "1,2";
				TEST_TARGET_NAME = DevCheat;
			};
			name = Debug;
		};
		D3AC7F822D34BD4100530A98 /* Release */ = {
			isa = XCBuildConfiguration;
			buildSettings = {
				CODE_SIGN_STYLE = Automatic;
				CURRENT_PROJECT_VERSION = 1;
				GENERATE_INFOPLIST_FILE = YES;
				MARKETING_VERSION = 1.0;
				PRODUCT_BUNDLE_IDENTIFIER = dreambuild.DevCheatUITests;
				PRODUCT_NAME = "$(TARGET_NAME)";
				SWIFT_EMIT_LOC_STRINGS = NO;
				SWIFT_VERSION = 5.0;
				TARGETED_DEVICE_FAMILY = "1,2";
				TEST_TARGET_NAME = DevCheat;
			};
			name = Release;
		};
/* End XCBuildConfiguration section */

/* Begin XCConfigurationList section */
		D3AC7F512D34BD4000530A98 /* Build configuration list for PBXProject "DevCheat" */ = {
			isa = XCConfigurationList;
			buildConfigurations = (
				D3AC7F782D34BD4100530A98 /* Debug */,
				D3AC7F792D34BD4100530A98 /* Release */,
			);
			defaultConfigurationIsVisible = 0;
			defaultConfigurationName = Release;
		};
		D3AC7F7A2D34BD4100530A98 /* Build configuration list for PBXNativeTarget "DevCheat" */ = {
			isa = XCConfigurationList;
			buildConfigurations = (
				D3AC7F7B2D34BD4100530A98 /* Debug */,
				D3AC7F7C2D34BD4100530A98 /* Release */,
			);
			defaultConfigurationIsVisible = 0;
			defaultConfigurationName = Release;
		};
		D3AC7F7D2D34BD4100530A98 /* Build configuration list for PBXNativeTarget "DevCheatTests" */ = {
			isa = XCConfigurationList;
			buildConfigurations = (
				D3AC7F7E2D34BD4100530A98 /* Debug */,
				D3AC7F7F2D34BD4100530A98 /* Release */,
			);
			defaultConfigurationIsVisible = 0;
			defaultConfigurationName = Release;
		};
		D3AC7F802D34BD4100530A98 /* Build configuration list for PBXNativeTarget "DevCheatUITests" */ = {
			isa = XCConfigurationList;
			buildConfigurations = (
				D3AC7F812D34BD4100530A98 /* Debug */,
				D3AC7F822D34BD4100530A98 /* Release */,
			);
			defaultConfigurationIsVisible = 0;
			defaultConfigurationName = Release;
		};
/* End XCConfigurationList section */
	};
	rootObject = D3AC7F4E2D34BD4000530A98 /* Project object */;
}
