
Microsoft Visual Studio Solution File, Format Version 12.00
# Visual Studio 2013
VisualStudioVersion = 12.0.30501.0
MinimumVisualStudioVersion = 10.0.40219.1
Project("{FAE04EC0-301F-11D3-BF4B-00C04F79EFBC}") = "PSP", "PSP\PSP.csproj", "{D867C7BB-3D80-4803-B6AF-F83BFA62F097}"
EndProject
Project("{FAE04EC0-301F-11D3-BF4B-00C04F79EFBC}") = "LocCounter", "LocCounter\LocCounter.csproj", "{F2EB1A13-1B02-4B96-B152-592677F88A3B}"
EndProject
Global
	GlobalSection(SolutionConfigurationPlatforms) = preSolution
		Debug|Any CPU = Debug|Any CPU
		Release|Any CPU = Release|Any CPU
	EndGlobalSection
	GlobalSection(ProjectConfigurationPlatforms) = postSolution
		{D867C7BB-3D80-4803-B6AF-F83BFA62F097}.Debug|Any CPU.ActiveCfg = Debug|Any CPU
		{D867C7BB-3D80-4803-B6AF-F83BFA62F097}.Debug|Any CPU.Build.0 = Debug|Any CPU
		{D867C7BB-3D80-4803-B6AF-F83BFA62F097}.Release|Any CPU.ActiveCfg = Release|Any CPU
		{D867C7BB-3D80-4803-B6AF-F83BFA62F097}.Release|Any CPU.Build.0 = Release|Any CPU
		{F2EB1A13-1B02-4B96-B152-592677F88A3B}.Debug|Any CPU.ActiveCfg = Debug|Any CPU
		{F2EB1A13-1B02-4B96-B152-592677F88A3B}.Debug|Any CPU.Build.0 = Debug|Any CPU
		{F2EB1A13-1B02-4B96-B152-592677F88A3B}.Release|Any CPU.ActiveCfg = Release|Any CPU
		{F2EB1A13-1B02-4B96-B152-592677F88A3B}.Release|Any CPU.Build.0 = Release|Any CPU
	EndGlobalSection
	GlobalSection(SolutionProperties) = preSolution
		HideSolutionNode = FALSE
	EndGlobalSection
EndGlobal
