
Microsoft Visual Studio Solution File, Format Version 12.00
# Visual Studio 15
VisualStudioVersion = 15.0.28307.572
MinimumVisualStudioVersion = 10.0.40219.1
Project("{9A19103F-16F7-4668-BE54-9A1E7A4F7556}") = "PersonalSite", "PersonalSite\PersonalSite.csproj", "{B9B0D0F5-E110-4825-91F9-C024A49FD56B}"
EndProject
Global
	GlobalSection(SolutionConfigurationPlatforms) = preSolution
		Debug|Any CPU = Debug|Any CPU
		Release|Any CPU = Release|Any CPU
	EndGlobalSection
	GlobalSection(ProjectConfigurationPlatforms) = postSolution
		{B9B0D0F5-E110-4825-91F9-C024A49FD56B}.Debug|Any CPU.ActiveCfg = Debug|Any CPU
		{B9B0D0F5-E110-4825-91F9-C024A49FD56B}.Debug|Any CPU.Build.0 = Debug|Any CPU
		{B9B0D0F5-E110-4825-91F9-C024A49FD56B}.Release|Any CPU.ActiveCfg = Release|Any CPU
		{B9B0D0F5-E110-4825-91F9-C024A49FD56B}.Release|Any CPU.Build.0 = Release|Any CPU
	EndGlobalSection
	GlobalSection(SolutionProperties) = preSolution
		HideSolutionNode = FALSE
	EndGlobalSection
	GlobalSection(ExtensibilityGlobals) = postSolution
		SolutionGuid = {C100105D-E9DC-4FA1-A54A-B0D41D5CFD70}
	EndGlobalSection
EndGlobal
