
Microsoft Visual Studio Solution File, Format Version 12.00
# Visual Studio 2013
VisualStudioVersion = 12.0.30501.0
MinimumVisualStudioVersion = 10.0.40219.1
Project("{FAE04EC0-301F-11D3-BF4B-00C04F79EFBC}") = "Drawing", "Drawing\Drawing.csproj", "{3E5C5593-2481-44EC-92B7-60C3AD00DE78}"
EndProject
Project("{FAE04EC0-301F-11D3-BF4B-00C04F79EFBC}") = "AutoCADCommands", "AutoCADCommands\AutoCADCommands.csproj", "{C5F6C326-952B-43E8-9830-311F190BAB11}"
EndProject
Project("{FAE04EC0-301F-11D3-BF4B-00C04F79EFBC}") = "Dreambuild.Common", "Dreambuild.Common\Dreambuild.Common.csproj", "{621E468E-F9F1-49EA-B8F3-BDB4DA591868}"
EndProject
Project("{FAE04EC0-301F-11D3-BF4B-00C04F79EFBC}") = "Setup", "Setup\Setup.csproj", "{A0FC177F-13BC-447F-BEA7-0B6FF1112D7B}"
EndProject
Project("{FAE04EC0-301F-11D3-BF4B-00C04F79EFBC}") = "StartUp", "StartUp\StartUp.csproj", "{90B70D7E-0835-4130-80FA-8DA3FE99B670}"
EndProject
Global
	GlobalSection(SolutionConfigurationPlatforms) = preSolution
		Debug|Any CPU = Debug|Any CPU
		Debug|Mixed Platforms = Debug|Mixed Platforms
		Debug|x86 = Debug|x86
		Release|Any CPU = Release|Any CPU
		Release|Mixed Platforms = Release|Mixed Platforms
		Release|x86 = Release|x86
	EndGlobalSection
	GlobalSection(ProjectConfigurationPlatforms) = postSolution
		{3E5C5593-2481-44EC-92B7-60C3AD00DE78}.Debug|Any CPU.ActiveCfg = Debug|Any CPU
		{3E5C5593-2481-44EC-92B7-60C3AD00DE78}.Debug|Any CPU.Build.0 = Debug|Any CPU
		{3E5C5593-2481-44EC-92B7-60C3AD00DE78}.Debug|Mixed Platforms.ActiveCfg = Debug|Any CPU
		{3E5C5593-2481-44EC-92B7-60C3AD00DE78}.Debug|Mixed Platforms.Build.0 = Debug|Any CPU
		{3E5C5593-2481-44EC-92B7-60C3AD00DE78}.Debug|x86.ActiveCfg = Debug|Any CPU
		{3E5C5593-2481-44EC-92B7-60C3AD00DE78}.Release|Any CPU.ActiveCfg = Release|Any CPU
		{3E5C5593-2481-44EC-92B7-60C3AD00DE78}.Release|Any CPU.Build.0 = Release|Any CPU
		{3E5C5593-2481-44EC-92B7-60C3AD00DE78}.Release|Mixed Platforms.ActiveCfg = Release|Any CPU
		{3E5C5593-2481-44EC-92B7-60C3AD00DE78}.Release|Mixed Platforms.Build.0 = Release|Any CPU
		{3E5C5593-2481-44EC-92B7-60C3AD00DE78}.Release|x86.ActiveCfg = Release|Any CPU
		{C5F6C326-952B-43E8-9830-311F190BAB11}.Debug|Any CPU.ActiveCfg = Debug|Any CPU
		{C5F6C326-952B-43E8-9830-311F190BAB11}.Debug|Any CPU.Build.0 = Debug|Any CPU
		{C5F6C326-952B-43E8-9830-311F190BAB11}.Debug|Mixed Platforms.ActiveCfg = Debug|Any CPU
		{C5F6C326-952B-43E8-9830-311F190BAB11}.Debug|Mixed Platforms.Build.0 = Debug|Any CPU
		{C5F6C326-952B-43E8-9830-311F190BAB11}.Debug|x86.ActiveCfg = Debug|Any CPU
		{C5F6C326-952B-43E8-9830-311F190BAB11}.Release|Any CPU.ActiveCfg = Release|Any CPU
		{C5F6C326-952B-43E8-9830-311F190BAB11}.Release|Any CPU.Build.0 = Release|Any CPU
		{C5F6C326-952B-43E8-9830-311F190BAB11}.Release|Mixed Platforms.ActiveCfg = Release|Any CPU
		{C5F6C326-952B-43E8-9830-311F190BAB11}.Release|Mixed Platforms.Build.0 = Release|Any CPU
		{C5F6C326-952B-43E8-9830-311F190BAB11}.Release|x86.ActiveCfg = Release|Any CPU
		{621E468E-F9F1-49EA-B8F3-BDB4DA591868}.Debug|Any CPU.ActiveCfg = Debug|Any CPU
		{621E468E-F9F1-49EA-B8F3-BDB4DA591868}.Debug|Any CPU.Build.0 = Debug|Any CPU
		{621E468E-F9F1-49EA-B8F3-BDB4DA591868}.Debug|Mixed Platforms.ActiveCfg = Debug|Any CPU
		{621E468E-F9F1-49EA-B8F3-BDB4DA591868}.Debug|Mixed Platforms.Build.0 = Debug|Any CPU
		{621E468E-F9F1-49EA-B8F3-BDB4DA591868}.Debug|x86.ActiveCfg = Debug|Any CPU
		{621E468E-F9F1-49EA-B8F3-BDB4DA591868}.Release|Any CPU.ActiveCfg = Release|Any CPU
		{621E468E-F9F1-49EA-B8F3-BDB4DA591868}.Release|Any CPU.Build.0 = Release|Any CPU
		{621E468E-F9F1-49EA-B8F3-BDB4DA591868}.Release|Mixed Platforms.ActiveCfg = Release|Any CPU
		{621E468E-F9F1-49EA-B8F3-BDB4DA591868}.Release|Mixed Platforms.Build.0 = Release|Any CPU
		{621E468E-F9F1-49EA-B8F3-BDB4DA591868}.Release|x86.ActiveCfg = Release|Any CPU
		{A0FC177F-13BC-447F-BEA7-0B6FF1112D7B}.Debug|Any CPU.ActiveCfg = Debug|x86
		{A0FC177F-13BC-447F-BEA7-0B6FF1112D7B}.Debug|Mixed Platforms.ActiveCfg = Debug|x86
		{A0FC177F-13BC-447F-BEA7-0B6FF1112D7B}.Debug|Mixed Platforms.Build.0 = Debug|x86
		{A0FC177F-13BC-447F-BEA7-0B6FF1112D7B}.Debug|x86.ActiveCfg = Debug|x86
		{A0FC177F-13BC-447F-BEA7-0B6FF1112D7B}.Debug|x86.Build.0 = Debug|x86
		{A0FC177F-13BC-447F-BEA7-0B6FF1112D7B}.Release|Any CPU.ActiveCfg = Release|x86
		{A0FC177F-13BC-447F-BEA7-0B6FF1112D7B}.Release|Mixed Platforms.ActiveCfg = Release|x86
		{A0FC177F-13BC-447F-BEA7-0B6FF1112D7B}.Release|Mixed Platforms.Build.0 = Release|x86
		{A0FC177F-13BC-447F-BEA7-0B6FF1112D7B}.Release|x86.ActiveCfg = Release|x86
		{A0FC177F-13BC-447F-BEA7-0B6FF1112D7B}.Release|x86.Build.0 = Release|x86
		{90B70D7E-0835-4130-80FA-8DA3FE99B670}.Debug|Any CPU.ActiveCfg = Debug|Any CPU
		{90B70D7E-0835-4130-80FA-8DA3FE99B670}.Debug|Any CPU.Build.0 = Debug|Any CPU
		{90B70D7E-0835-4130-80FA-8DA3FE99B670}.Debug|Mixed Platforms.ActiveCfg = Debug|x86
		{90B70D7E-0835-4130-80FA-8DA3FE99B670}.Debug|Mixed Platforms.Build.0 = Debug|x86
		{90B70D7E-0835-4130-80FA-8DA3FE99B670}.Debug|x86.ActiveCfg = Debug|x86
		{90B70D7E-0835-4130-80FA-8DA3FE99B670}.Debug|x86.Build.0 = Debug|x86
		{90B70D7E-0835-4130-80FA-8DA3FE99B670}.Release|Any CPU.ActiveCfg = Release|Any CPU
		{90B70D7E-0835-4130-80FA-8DA3FE99B670}.Release|Any CPU.Build.0 = Release|Any CPU
		{90B70D7E-0835-4130-80FA-8DA3FE99B670}.Release|Mixed Platforms.ActiveCfg = Release|x86
		{90B70D7E-0835-4130-80FA-8DA3FE99B670}.Release|Mixed Platforms.Build.0 = Release|x86
		{90B70D7E-0835-4130-80FA-8DA3FE99B670}.Release|x86.ActiveCfg = Release|x86
		{90B70D7E-0835-4130-80FA-8DA3FE99B670}.Release|x86.Build.0 = Release|x86
	EndGlobalSection
	GlobalSection(SolutionProperties) = preSolution
		HideSolutionNode = FALSE
	EndGlobalSection
EndGlobal
